
Microsoft Visual Studio Solution File, Format Version 12.00
# Visual Studio Version 17
VisualStudioVersion = 17.9.34728.123
MinimumVisualStudioVersion = 10.0.40219.1
Project("{FAE04EC0-301F-11D3-BF4B-00C04F79EFBC}") = "DenemeRabbitMq.publisher", "DenemeRabbitMq.publisher\DenemeRabbitMq.publisher.csproj", "{B142C506-319F-435B-8674-BA9D9712C47C}"
EndProject
Project("{FAE04EC0-301F-11D3-BF4B-00C04F79EFBC}") = "DenemeRabbitMq.subscriber", "DenemeRabbitMq.subscriber\DenemeRabbitMq.subscriber.csproj", "{F2739E43-519A-4160-9EC7-B821D1264527}"
EndProject
Global
	GlobalSection(SolutionConfigurationPlatforms) = preSolution
		Debug|Any CPU = Debug|Any CPU
		Release|Any CPU = Release|Any CPU
	EndGlobalSection
	GlobalSection(ProjectConfigurationPlatforms) = postSolution
		{B142C506-319F-435B-8674-BA9D9712C47C}.Debug|Any CPU.ActiveCfg = Debug|Any CPU
		{B142C506-319F-435B-8674-BA9D9712C47C}.Debug|Any CPU.Build.0 = Debug|Any CPU
		{B142C506-319F-435B-8674-BA9D9712C47C}.Release|Any CPU.ActiveCfg = Release|Any CPU
		{B142C506-319F-435B-8674-BA9D9712C47C}.Release|Any CPU.Build.0 = Release|Any CPU
		{F2739E43-519A-4160-9EC7-B821D1264527}.Debug|Any CPU.ActiveCfg = Debug|Any CPU
		{F2739E43-519A-4160-9EC7-B821D1264527}.Debug|Any CPU.Build.0 = Debug|Any CPU
		{F2739E43-519A-4160-9EC7-B821D1264527}.Release|Any CPU.ActiveCfg = Release|Any CPU
		{F2739E43-519A-4160-9EC7-B821D1264527}.Release|Any CPU.Build.0 = Release|Any CPU
	EndGlobalSection
	GlobalSection(SolutionProperties) = preSolution
		HideSolutionNode = FALSE
	EndGlobalSection
	GlobalSection(ExtensibilityGlobals) = postSolution
		SolutionGuid = {0B57E7D7-58D5-47FA-99AE-2ED27FCCF4D1}
	EndGlobalSection
EndGlobal
